
Microsoft Visual Studio Solution File, Format Version 12.00
# Visual Studio Version 17
VisualStudioVersion = 17.7.34221.43
MinimumVisualStudioVersion = 10.0.40219.1
Project("{FAE04EC0-301F-11D3-BF4B-00C04F79EFBC}") = "SysMenu Windows Forms", "SysMenu Windows Forms.csproj", "{41E1273B-9143-444F-83EF-3F7476312548}"
EndProject
Global
	GlobalSection(SolutionConfigurationPlatforms) = preSolution
		Debug|Any CPU = Debug|Any CPU
		Release|Any CPU = Release|Any CPU
	EndGlobalSection
	GlobalSection(ProjectConfigurationPlatforms) = postSolution
		{41E1273B-9143-444F-83EF-3F7476312548}.Debug|Any CPU.ActiveCfg = Debug|Any CPU
		{41E1273B-9143-444F-83EF-3F7476312548}.Debug|Any CPU.Build.0 = Debug|Any CPU
		{41E1273B-9143-444F-83EF-3F7476312548}.Release|Any CPU.ActiveCfg = Release|Any CPU
		{41E1273B-9143-444F-83EF-3F7476312548}.Release|Any CPU.Build.0 = Release|Any CPU
	EndGlobalSection
	GlobalSection(SolutionProperties) = preSolution
		HideSolutionNode = FALSE
	EndGlobalSection
	GlobalSection(ExtensibilityGlobals) = postSolution
		SolutionGuid = {5642AD0F-6AF4-4235-A422-1E1540DF6BA4}
	EndGlobalSection
EndGlobal
